{
  "name": "openapi-example",
  "version": "1.0.0",
  "lockfileVersion": 1,
  "requires": true,
  "dependencies": {
    "@openapitools/openapi-generator-cli": {
      "version": "0.0.11-4.0.0-beta3",
      "resolved": "https://registry.npmjs.org/@openapitools/openapi-generator-cli/-/openapi-generator-cli-0.0.11-4.0.0-beta3.tgz",
      "integrity": "sha512-5lGL3umOJ9oU2I0OW0nG7lUAvemBZ0z4PxDlTOmzCQKya/uAMB+nFL3TXLcYL+l7YxvvYLTOjXZM6lxwF0Q0cw=="
    }
  }
}
